
Microsoft Visual Studio Solution File, Format Version 12.00
# Visual Studio Version 17
VisualStudioVersion = 17.1.32319.34
MinimumVisualStudioVersion = 10.0.40219.1
Project("{9A19103F-16F7-4668-BE54-9A1E7A4F7556}") = "AudioFingerPrinting", "AudioFingerPrinting\AudioFingerPrinting.csproj", "{CC4E9EE8-6FB5-480B-B323-BCB0FDDA352A}"
EndProject
Project("{9A19103F-16F7-4668-BE54-9A1E7A4F7556}") = "CoreLib", "CoreLib\CoreLib.csproj", "{47DA0702-EC5C-49E0-B8D1-870633DFC46C}"
EndProject
Project("{2150E333-8FDC-42A3-9474-1A3956D46DE8}") = "Solution Items", "Solution Items", "{34759320-5EC6-4DE4-8B83-328ED7BB2D61}"
	ProjectSection(SolutionItems) = preProject
		.editorconfig = .editorconfig
		C:\Users\Admins\Downloads\database.png = C:\Users\Admins\Downloads\database.png
		.github\workflows\Music-Player-API.yml = .github\workflows\Music-Player-API.yml
		README.md = README.md
	EndProjectSection
EndProject
Project("{9A19103F-16F7-4668-BE54-9A1E7A4F7556}") = "MusicPlayer", "MusicPlayer\MusicPlayer.csproj", "{6FE0AB5A-F791-40FC-A8F9-4DC393EB7C4D}"
EndProject
Project("{9A19103F-16F7-4668-BE54-9A1E7A4F7556}") = "Database", "Database\Database.csproj", "{DB297FFA-45C8-4DC6-851E-C53A42101A6A}"
EndProject
Project("{2150E333-8FDC-42A3-9474-1A3956D46DE8}") = "docs", "docs", "{63EDE9B8-782A-472F-B205-1D2F6A22E306}"
	ProjectSection(SolutionItems) = preProject
		readme_setup.md = readme_setup.md
	EndProjectSection
EndProject
Project("{9A19103F-16F7-4668-BE54-9A1E7A4F7556}") = "DataProcessor", "DataProcessor\DataProcessor.csproj", "{3B822292-463D-4235-9CDE-A5E169D0894D}"
EndProject
Project("{9A19103F-16F7-4668-BE54-9A1E7A4F7556}") = "AzureHelper", "AzureHelper\AzureHelper.csproj", "{48809F75-16D0-4F13-9298-3A9C4CE1110A}"
EndProject
Global
	GlobalSection(SolutionConfigurationPlatforms) = preSolution
		Debug|Any CPU = Debug|Any CPU
		Release|Any CPU = Release|Any CPU
	EndGlobalSection
	GlobalSection(ProjectConfigurationPlatforms) = postSolution
		{CC4E9EE8-6FB5-480B-B323-BCB0FDDA352A}.Debug|Any CPU.ActiveCfg = Debug|Any CPU
		{CC4E9EE8-6FB5-480B-B323-BCB0FDDA352A}.Debug|Any CPU.Build.0 = Debug|Any CPU
		{CC4E9EE8-6FB5-480B-B323-BCB0FDDA352A}.Release|Any CPU.ActiveCfg = Release|Any CPU
		{CC4E9EE8-6FB5-480B-B323-BCB0FDDA352A}.Release|Any CPU.Build.0 = Release|Any CPU
		{47DA0702-EC5C-49E0-B8D1-870633DFC46C}.Debug|Any CPU.ActiveCfg = Debug|Any CPU
		{47DA0702-EC5C-49E0-B8D1-870633DFC46C}.Debug|Any CPU.Build.0 = Debug|Any CPU
		{47DA0702-EC5C-49E0-B8D1-870633DFC46C}.Release|Any CPU.ActiveCfg = Release|Any CPU
		{47DA0702-EC5C-49E0-B8D1-870633DFC46C}.Release|Any CPU.Build.0 = Release|Any CPU
		{6FE0AB5A-F791-40FC-A8F9-4DC393EB7C4D}.Debug|Any CPU.ActiveCfg = Debug|Any CPU
		{6FE0AB5A-F791-40FC-A8F9-4DC393EB7C4D}.Debug|Any CPU.Build.0 = Debug|Any CPU
		{6FE0AB5A-F791-40FC-A8F9-4DC393EB7C4D}.Release|Any CPU.ActiveCfg = Release|Any CPU
		{6FE0AB5A-F791-40FC-A8F9-4DC393EB7C4D}.Release|Any CPU.Build.0 = Release|Any CPU
		{DB297FFA-45C8-4DC6-851E-C53A42101A6A}.Debug|Any CPU.ActiveCfg = Debug|Any CPU
		{DB297FFA-45C8-4DC6-851E-C53A42101A6A}.Debug|Any CPU.Build.0 = Debug|Any CPU
		{DB297FFA-45C8-4DC6-851E-C53A42101A6A}.Release|Any CPU.ActiveCfg = Release|Any CPU
		{DB297FFA-45C8-4DC6-851E-C53A42101A6A}.Release|Any CPU.Build.0 = Release|Any CPU
		{3B822292-463D-4235-9CDE-A5E169D0894D}.Debug|Any CPU.ActiveCfg = Debug|Any CPU
		{3B822292-463D-4235-9CDE-A5E169D0894D}.Debug|Any CPU.Build.0 = Debug|Any CPU
		{3B822292-463D-4235-9CDE-A5E169D0894D}.Release|Any CPU.ActiveCfg = Release|Any CPU
		{3B822292-463D-4235-9CDE-A5E169D0894D}.Release|Any CPU.Build.0 = Release|Any CPU
		{48809F75-16D0-4F13-9298-3A9C4CE1110A}.Debug|Any CPU.ActiveCfg = Debug|Any CPU
		{48809F75-16D0-4F13-9298-3A9C4CE1110A}.Debug|Any CPU.Build.0 = Debug|Any CPU
		{48809F75-16D0-4F13-9298-3A9C4CE1110A}.Release|Any CPU.ActiveCfg = Release|Any CPU
		{48809F75-16D0-4F13-9298-3A9C4CE1110A}.Release|Any CPU.Build.0 = Release|Any CPU
	EndGlobalSection
	GlobalSection(SolutionProperties) = preSolution
		HideSolutionNode = FALSE
	EndGlobalSection
	GlobalSection(ExtensibilityGlobals) = postSolution
		SolutionGuid = {DFE340FA-229B-4A40-9BD1-F37FDE4D4B36}
	EndGlobalSection
EndGlobal
